
Microsoft Visual Studio Solution File, Format Version 12.00
# Visual Studio Version 16
VisualStudioVersion = 16.0.31313.79
MinimumVisualStudioVersion = 10.0.40219.1
Project("{FAE04EC0-301F-11D3-BF4B-00C04F79EFBC}") = "lahiyev2", "lahiyev2\lahiyev2.csproj", "{86AF7690-3920-47D2-94AF-EA20D1116FAB}"
EndProject
Global
	GlobalSection(SolutionConfigurationPlatforms) = preSolution
		Debug|Any CPU = Debug|Any CPU
		Release|Any CPU = Release|Any CPU
	EndGlobalSection
	GlobalSection(ProjectConfigurationPlatforms) = postSolution
		{86AF7690-3920-47D2-94AF-EA20D1116FAB}.Debug|Any CPU.ActiveCfg = Debug|Any CPU
		{86AF7690-3920-47D2-94AF-EA20D1116FAB}.Debug|Any CPU.Build.0 = Debug|Any CPU
		{86AF7690-3920-47D2-94AF-EA20D1116FAB}.Release|Any CPU.ActiveCfg = Release|Any CPU
		{86AF7690-3920-47D2-94AF-EA20D1116FAB}.Release|Any CPU.Build.0 = Release|Any CPU
	EndGlobalSection
	GlobalSection(SolutionProperties) = preSolution
		HideSolutionNode = FALSE
	EndGlobalSection
	GlobalSection(ExtensibilityGlobals) = postSolution
		SolutionGuid = {91279B3D-0DC6-43A5-B0CC-9C3C32BADE15}
	EndGlobalSection
EndGlobal
